// !$*UTF8*$!
{
	archiveVersion = 1;
	classes = {
	};
	objectVersion = 56;
	objects = {

/* Begin PBXBuildFile section */
		4C2F87E92C0785C6009C950E /* TrainingCalendarApp.swift in Sources */ = {isa = PBXBuildFile; fileRef = 4C2F87E82C0785C6009C950E /* TrainingCalendarApp.swift */; };
		4C2F87EB2C0785C6009C950E /* ContentView.swift in Sources */ = {isa = PBXBuildFile; fileRef = 4C2F87EA2C0785C6009C950E /* ContentView.swift */; };
		4C2F87ED2C0785CB009C950E /* Assets.xcassets in Resources */ = {isa = PBXBuildFile; fileRef = 4C2F87EC2C0785CB009C950E /* Assets.xcassets */; };
		4C2F87F02C0785CB009C950E /* Preview Assets.xcassets in Resources */ = {isa = PBXBuildFile; fileRef = 4C2F87EF2C0785CB009C950E /* Preview Assets.xcassets */; };
		4C76DCA22C078CCF00628E00 /* TabBarView.swift in Sources */ = {isa = PBXBuildFile; fileRef = 4C76DCA12C078CCF00628E00 /* TabBarView.swift */; };
		4C76DCA42C07972B00628E00 /* CalendarView.swift in Sources */ = {isa = PBXBuildFile; fileRef = 4C76DCA32C07972A00628E00 /* CalendarView.swift */; };
		4C76DCA62C0B255900628E00 /* ActivitiesView.swift in Sources */ = {isa = PBXBuildFile; fileRef = 4C76DCA52C0B255900628E00 /* ActivitiesView.swift */; };
		4C76DCAA2C0B779500628E00 /* CalendarViewModel.swift in Sources */ = {isa = PBXBuildFile; fileRef = 4C76DCA92C0B779500628E00 /* CalendarViewModel.swift */; };
		4C76DCAC2C0B780300628E00 /* Activity.swift in Sources */ = {isa = PBXBuildFile; fileRef = 4C76DCAB2C0B780300628E00 /* Activity.swift */; };
		4C76DCD42C0BA60F00628E00 /* TrainingCalendarUITests1.swift in Sources */ = {isa = PBXBuildFile; fileRef = 4C76DCD32C0BA60F00628E00 /* TrainingCalendarUITests1.swift */; };
		4C76DCD62C0BA60F00628E00 /* TrainingCalendarUITests1LaunchTests.swift in Sources */ = {isa = PBXBuildFile; fileRef = 4C76DCD52C0BA60F00628E00 /* TrainingCalendarUITests1LaunchTests.swift */; };
/* End PBXBuildFile section */

/* Begin PBXContainerItemProxy section */
		4C76DCB92C0BA1BF00628E00 /* PBXContainerItemProxy */ = {
			isa = PBXContainerItemProxy;
			containerPortal = 4C2F87DD2C0785C6009C950E /* Project object */;
			proxyType = 1;
			remoteGlobalIDString = 4C2F87E42C0785C6009C950E;
			remoteInfo = TrainingCalendar;
		};
		4C76DCC82C0BA51100628E00 /* PBXContainerItemProxy */ = {
			isa = PBXContainerItemProxy;
			containerPortal = 4C2F87DD2C0785C6009C950E /* Project object */;
			proxyType = 1;
			remoteGlobalIDString = 4C2F87E42C0785C6009C950E;
			remoteInfo = TrainingCalendar;
		};
		4C76DCD72C0BA60F00628E00 /* PBXContainerItemProxy */ = {
			isa = PBXContainerItemProxy;
			containerPortal = 4C2F87DD2C0785C6009C950E /* Project object */;
			proxyType = 1;
			remoteGlobalIDString = 4C2F87E42C0785C6009C950E;
			remoteInfo = TrainingCalendar;
		};
/* End PBXContainerItemProxy section */

/* Begin PBXFileReference section */
		4C2F87E52C0785C6009C950E /* TrainingCalendar.app */ = {isa = PBXFileReference; explicitFileType = wrapper.application; includeInIndex = 0; path = TrainingCalendar.app; sourceTree = BUILT_PRODUCTS_DIR; };
		4C2F87E82C0785C6009C950E /* TrainingCalendarApp.swift */ = {isa = PBXFileReference; lastKnownFileType = sourcecode.swift; path = TrainingCalendarApp.swift; sourceTree = "<group>"; };
		4C2F87EA2C0785C6009C950E /* ContentView.swift */ = {isa = PBXFileReference; lastKnownFileType = sourcecode.swift; path = ContentView.swift; sourceTree = "<group>"; };
		4C2F87EC2C0785CB009C950E /* Assets.xcassets */ = {isa = PBXFileReference; lastKnownFileType = folder.assetcatalog; path = Assets.xcassets; sourceTree = "<group>"; };
		4C2F87EF2C0785CB009C950E /* Preview Assets.xcassets */ = {isa = PBXFileReference; lastKnownFileType = folder.assetcatalog; path = "Preview Assets.xcassets"; sourceTree = "<group>"; };
		4C76DCA12C078CCF00628E00 /* TabBarView.swift */ = {isa = PBXFileReference; lastKnownFileType = sourcecode.swift; path = TabBarView.swift; sourceTree = "<group>"; };
		4C76DCA32C07972A00628E00 /* CalendarView.swift */ = {isa = PBXFileReference; lastKnownFileType = sourcecode.swift; path = CalendarView.swift; sourceTree = "<group>"; };
		4C76DCA52C0B255900628E00 /* ActivitiesView.swift */ = {isa = PBXFileReference; lastKnownFileType = sourcecode.swift; path = ActivitiesView.swift; sourceTree = "<group>"; };
		4C76DCA92C0B779500628E00 /* CalendarViewModel.swift */ = {isa = PBXFileReference; lastKnownFileType = sourcecode.swift; path = CalendarViewModel.swift; sourceTree = "<group>"; };
		4C76DCAB2C0B780300628E00 /* Activity.swift */ = {isa = PBXFileReference; lastKnownFileType = sourcecode.swift; path = Activity.swift; sourceTree = "<group>"; };
		4C76DCB52C0BA1BE00628E00 /* TrainingCalendarTests.xctest */ = {isa = PBXFileReference; explicitFileType = wrapper.cfbundle; includeInIndex = 0; path = TrainingCalendarTests.xctest; sourceTree = BUILT_PRODUCTS_DIR; };
		4C76DCC22C0BA51100628E00 /* TrainingCalendarUITests.xctest */ = {isa = PBXFileReference; explicitFileType = wrapper.cfbundle; includeInIndex = 0; path = TrainingCalendarUITests.xctest; sourceTree = BUILT_PRODUCTS_DIR; };
		4C76DCD12C0BA60F00628E00 /* TrainingCalendarUITests1.xctest */ = {isa = PBXFileReference; explicitFileType = wrapper.cfbundle; includeInIndex = 0; path = TrainingCalendarUITests1.xctest; sourceTree = BUILT_PRODUCTS_DIR; };
		4C76DCD32C0BA60F00628E00 /* TrainingCalendarUITests1.swift */ = {isa = PBXFileReference; lastKnownFileType = sourcecode.swift; path = TrainingCalendarUITests1.swift; sourceTree = "<group>"; };
		4C76DCD52C0BA60F00628E00 /* TrainingCalendarUITests1LaunchTests.swift */ = {isa = PBXFileReference; lastKnownFileType = sourcecode.swift; path = TrainingCalendarUITests1LaunchTests.swift; sourceTree = "<group>"; };
/* End PBXFileReference section */

/* Begin PBXFrameworksBuildPhase section */
		4C2F87E22C0785C6009C950E /* Frameworks */ = {
			isa = PBXFrameworksBuildPhase;
			buildActionMask = 2147483647;
			files = (
			);
			runOnlyForDeploymentPostprocessing = 0;
		};
		4C76DCB22C0BA1BE00628E00 /* Frameworks */ = {
			isa = PBXFrameworksBuildPhase;
			buildActionMask = 2147483647;
			files = (
			);
			runOnlyForDeploymentPostprocessing = 0;
		};
		4C76DCBF2C0BA51100628E00 /* Frameworks */ = {
			isa = PBXFrameworksBuildPhase;
			buildActionMask = 2147483647;
			files = (
			);
			runOnlyForDeploymentPostprocessing = 0;
		};
		4C76DCCE2C0BA60F00628E00 /* Frameworks */ = {
			isa = PBXFrameworksBuildPhase;
			buildActionMask = 2147483647;
			files = (
			);
			runOnlyForDeploymentPostprocessing = 0;
		};
/* End PBXFrameworksBuildPhase section */

/* Begin PBXGroup section */
		4C2F87DC2C0785C6009C950E = {
			isa = PBXGroup;
			children = (
				4C2F87E72C0785C6009C950E /* TrainingCalendar */,
				4C76DCD22C0BA60F00628E00 /* TrainingCalendarUITests1 */,
				4C2F87E62C0785C6009C950E /* Products */,
			);
			sourceTree = "<group>";
		};
		4C2F87E62C0785C6009C950E /* Products */ = {
			isa = PBXGroup;
			children = (
				4C2F87E52C0785C6009C950E /* TrainingCalendar.app */,
				4C76DCB52C0BA1BE00628E00 /* TrainingCalendarTests.xctest */,
				4C76DCC22C0BA51100628E00 /* TrainingCalendarUITests.xctest */,
				4C76DCD12C0BA60F00628E00 /* TrainingCalendarUITests1.xctest */,
			);
			name = Products;
			sourceTree = "<group>";
		};
		4C2F87E72C0785C6009C950E /* TrainingCalendar */ = {
			isa = PBXGroup;
			children = (
				4C2F87E82C0785C6009C950E /* TrainingCalendarApp.swift */,
				4C2F87EA2C0785C6009C950E /* ContentView.swift */,
				4C76DCAD2C0B969D00628E00 /* Calendar */,
				4C76DCAE2C0B96AF00628E00 /* ActivityView */,
				4C76DCA12C078CCF00628E00 /* TabBarView.swift */,
				4C2F87EC2C0785CB009C950E /* Assets.xcassets */,
				4C2F87EE2C0785CB009C950E /* Preview Content */,
			);
			path = TrainingCalendar;
			sourceTree = "<group>";
		};
		4C2F87EE2C0785CB009C950E /* Preview Content */ = {
			isa = PBXGroup;
			children = (
				4C2F87EF2C0785CB009C950E /* Preview Assets.xcassets */,
			);
			path = "Preview Content";
			sourceTree = "<group>";
		};
		4C76DCAD2C0B969D00628E00 /* Calendar */ = {
			isa = PBXGroup;
			children = (
				4C76DCA32C07972A00628E00 /* CalendarView.swift */,
				4C76DCA92C0B779500628E00 /* CalendarViewModel.swift */,
			);
			path = Calendar;
			sourceTree = "<group>";
		};
		4C76DCAE2C0B96AF00628E00 /* ActivityView */ = {
			isa = PBXGroup;
			children = (
				4C76DCA52C0B255900628E00 /* ActivitiesView.swift */,
				4C76DCAB2C0B780300628E00 /* Activity.swift */,
			);
			path = ActivityView;
			sourceTree = "<group>";
		};
		4C76DCD22C0BA60F00628E00 /* TrainingCalendarUITests1 */ = {
			isa = PBXGroup;
			children = (
				4C76DCD32C0BA60F00628E00 /* TrainingCalendarUITests1.swift */,
				4C76DCD52C0BA60F00628E00 /* TrainingCalendarUITests1LaunchTests.swift */,
			);
			path = TrainingCalendarUITests1;
			sourceTree = "<group>";
		};
/* End PBXGroup section */

/* Begin PBXNativeTarget section */
		4C2F87E42C0785C6009C950E /* TrainingCalendar */ = {
			isa = PBXNativeTarget;
			buildConfigurationList = 4C2F87F32C0785CB009C950E /* Build configuration list for PBXNativeTarget "TrainingCalendar" */;
			buildPhases = (
				4C2F87E12C0785C6009C950E /* Sources */,
				4C2F87E22C0785C6009C950E /* Frameworks */,
				4C2F87E32C0785C6009C950E /* Resources */,
			);
			buildRules = (
			);
			dependencies = (
			);
			name = TrainingCalendar;
			productName = TrainingCalendar;
			productReference = 4C2F87E52C0785C6009C950E /* TrainingCalendar.app */;
			productType = "com.apple.product-type.application";
		};
		4C76DCB42C0BA1BE00628E00 /* TrainingCalendarTests */ = {
			isa = PBXNativeTarget;
			buildConfigurationList = 4C76DCBB2C0BA1BF00628E00 /* Build configuration list for PBXNativeTarget "TrainingCalendarTests" */;
			buildPhases = (
				4C76DCB12C0BA1BE00628E00 /* Sources */,
				4C76DCB22C0BA1BE00628E00 /* Frameworks */,
				4C76DCB32C0BA1BE00628E00 /* Resources */,
			);
			buildRules = (
			);
			dependencies = (
				4C76DCBA2C0BA1BF00628E00 /* PBXTargetDependency */,
			);
			name = TrainingCalendarTests;
			productName = TrainingCalendarTests;
			productReference = 4C76DCB52C0BA1BE00628E00 /* TrainingCalendarTests.xctest */;
			productType = "com.apple.product-type.bundle.unit-test";
		};
		4C76DCC12C0BA51100628E00 /* TrainingCalendarUITests */ = {
			isa = PBXNativeTarget;
			buildConfigurationList = 4C76DCCA2C0BA51100628E00 /* Build configuration list for PBXNativeTarget "TrainingCalendarUITests" */;
			buildPhases = (
				4C76DCBE2C0BA51100628E00 /* Sources */,
				4C76DCBF2C0BA51100628E00 /* Frameworks */,
				4C76DCC02C0BA51100628E00 /* Resources */,
			);
			buildRules = (
			);
			dependencies = (
				4C76DCC92C0BA51100628E00 /* PBXTargetDependency */,
			);
			name = TrainingCalendarUITests;
			productName = TrainingCalendarUITests;
			productReference = 4C76DCC22C0BA51100628E00 /* TrainingCalendarUITests.xctest */;
			productType = "com.apple.product-type.bundle.ui-testing";
		};
		4C76DCD02C0BA60F00628E00 /* TrainingCalendarUITests1 */ = {
			isa = PBXNativeTarget;
			buildConfigurationList = 4C76DCD92C0BA60F00628E00 /* Build configuration list for PBXNativeTarget "TrainingCalendarUITests1" */;
			buildPhases = (
				4C76DCCD2C0BA60F00628E00 /* Sources */,
				4C76DCCE2C0BA60F00628E00 /* Frameworks */,
				4C76DCCF2C0BA60F00628E00 /* Resources */,
			);
			buildRules = (
			);
			dependencies = (
				4C76DCD82C0BA60F00628E00 /* PBXTargetDependency */,
			);
			name = TrainingCalendarUITests1;
			productName = TrainingCalendarUITests1;
			productReference = 4C76DCD12C0BA60F00628E00 /* TrainingCalendarUITests1.xctest */;
			productType = "com.apple.product-type.bundle.ui-testing";
		};
/* End PBXNativeTarget section */

/* Begin PBXProject section */
		4C2F87DD2C0785C6009C950E /* Project object */ = {
			isa = PBXProject;
			attributes = {
				BuildIndependentTargetsInParallel = 1;
				LastSwiftUpdateCheck = 1520;
				LastUpgradeCheck = 1520;
				TargetAttributes = {
					4C2F87E42C0785C6009C950E = {
						CreatedOnToolsVersion = 15.2;
					};
					4C76DCB42C0BA1BE00628E00 = {
						CreatedOnToolsVersion = 15.2;
						TestTargetID = 4C2F87E42C0785C6009C950E;
					};
					4C76DCC12C0BA51100628E00 = {
						CreatedOnToolsVersion = 15.2;
						TestTargetID = 4C2F87E42C0785C6009C950E;
					};
					4C76DCD02C0BA60F00628E00 = {
						CreatedOnToolsVersion = 15.2;
						TestTargetID = 4C2F87E42C0785C6009C950E;
					};
				};
			};
			buildConfigurationList = 4C2F87E02C0785C6009C950E /* Build configuration list for PBXProject "TrainingCalendar" */;
			compatibilityVersion = "Xcode 14.0";
			developmentRegion = en;
			hasScannedForEncodings = 0;
			knownRegions = (
				en,
				Base,
			);
			mainGroup = 4C2F87DC2C0785C6009C950E;
			productRefGroup = 4C2F87E62C0785C6009C950E /* Products */;
			projectDirPath = "";
			projectRoot = "";
			targets = (
				4C2F87E42C0785C6009C950E /* TrainingCalendar */,
				4C76DCB42C0BA1BE00628E00 /* TrainingCalendarTests */,
				4C76DCC12C0BA51100628E00 /* TrainingCalendarUITests */,
				4C76DCD02C0BA60F00628E00 /* TrainingCalendarUITests1 */,
			);
		};
/* End PBXProject section */

/* Begin PBXResourcesBuildPhase section */
		4C2F87E32C0785C6009C950E /* Resources */ = {
			isa = PBXResourcesBuildPhase;
			buildActionMask = 2147483647;
			files = (
				4C2F87F02C0785CB009C950E /* Preview Assets.xcassets in Resources */,
				4C2F87ED2C0785CB009C950E /* Assets.xcassets in Resources */,
			);
			runOnlyForDeploymentPostprocessing = 0;
		};
		4C76DCB32C0BA1BE00628E00 /* Resources */ = {
			isa = PBXResourcesBuildPhase;
			buildActionMask = 2147483647;
			files = (
			);
			runOnlyForDeploymentPostprocessing = 0;
		};
		4C76DCC02C0BA51100628E00 /* Resources */ = {
			isa = PBXResourcesBuildPhase;
			buildActionMask = 2147483647;
			files = (
			);
			runOnlyForDeploymentPostprocessing = 0;
		};
		4C76DCCF2C0BA60F00628E00 /* Resources */ = {
			isa = PBXResourcesBuildPhase;
			buildActionMask = 2147483647;
			files = (
			);
			runOnlyForDeploymentPostprocessing = 0;
		};
/* End PBXResourcesBuildPhase section */

/* Begin PBXSourcesBuildPhase section */
		4C2F87E12C0785C6009C950E /* Sources */ = {
			isa = PBXSourcesBuildPhase;
			buildActionMask = 2147483647;
			files = (
				4C2F87EB2C0785C6009C950E /* ContentView.swift in Sources */,
				4C76DCA22C078CCF00628E00 /* TabBarView.swift in Sources */,
				4C76DCA42C07972B00628E00 /* CalendarView.swift in Sources */,
				4C2F87E92C0785C6009C950E /* TrainingCalendarApp.swift in Sources */,
				4C76DCA62C0B255900628E00 /* ActivitiesView.swift in Sources */,
				4C76DCAC2C0B780300628E00 /* Activity.swift in Sources */,
				4C76DCAA2C0B779500628E00 /* CalendarViewModel.swift in Sources */,
			);
			runOnlyForDeploymentPostprocessing = 0;
		};
		4C76DCB12C0BA1BE00628E00 /* Sources */ = {
			isa = PBXSourcesBuildPhase;
			buildActionMask = 2147483647;
			files = (
			);
			runOnlyForDeploymentPostprocessing = 0;
		};
		4C76DCBE2C0BA51100628E00 /* Sources */ = {
			isa = PBXSourcesBuildPhase;
			buildActionMask = 2147483647;
			files = (
			);
			runOnlyForDeploymentPostprocessing = 0;
		};
		4C76DCCD2C0BA60F00628E00 /* Sources */ = {
			isa = PBXSourcesBuildPhase;
			buildActionMask = 2147483647;
			files = (
				4C76DCD62C0BA60F00628E00 /* TrainingCalendarUITests1LaunchTests.swift in Sources */,
				4C76DCD42C0BA60F00628E00 /* TrainingCalendarUITests1.swift in Sources */,
			);
			runOnlyForDeploymentPostprocessing = 0;
		};
/* End PBXSourcesBuildPhase section */

/* Begin PBXTargetDependency section */
		4C76DCBA2C0BA1BF00628E00 /* PBXTargetDependency */ = {
			isa = PBXTargetDependency;
			target = 4C2F87E42C0785C6009C950E /* TrainingCalendar */;
			targetProxy = 4C76DCB92C0BA1BF00628E00 /* PBXContainerItemProxy */;
		};
		4C76DCC92C0BA51100628E00 /* PBXTargetDependency */ = {
			isa = PBXTargetDependency;
			target = 4C2F87E42C0785C6009C950E /* TrainingCalendar */;
			targetProxy = 4C76DCC82C0BA51100628E00 /* PBXContainerItemProxy */;
		};
		4C76DCD82C0BA60F00628E00 /* PBXTargetDependency */ = {
			isa = PBXTargetDependency;
			target = 4C2F87E42C0785C6009C950E /* TrainingCalendar */;
			targetProxy = 4C76DCD72C0BA60F00628E00 /* PBXContainerItemProxy */;
		};
/* End PBXTargetDependency section */

/* Begin XCBuildConfiguration section */
		4C2F87F12C0785CB009C950E /* Debug */ = {
			isa = XCBuildConfiguration;
			buildSettings = {
				ALWAYS_SEARCH_USER_PATHS = NO;
				ASSETCATALOG_COMPILER_GENERATE_SWIFT_ASSET_SYMBOL_EXTENSIONS = YES;
				CLANG_ANALYZER_NONNULL = YES;
				CLANG_ANALYZER_NUMBER_OBJECT_CONVERSION = YES_AGGRESSIVE;
				CLANG_CXX_LANGUAGE_STANDARD = "gnu++20";
				CLANG_ENABLE_MODULES = YES;
				CLANG_ENABLE_OBJC_ARC = YES;
				CLANG_ENABLE_OBJC_WEAK = YES;
				CLANG_WARN_BLOCK_CAPTURE_AUTORELEASING = YES;
				CLANG_WARN_BOOL_CONVERSION = YES;
				CLANG_WARN_COMMA = YES;
				CLANG_WARN_CONSTANT_CONVERSION = YES;
				CLANG_WARN_DEPRECATED_OBJC_IMPLEMENTATIONS = YES;
				CLANG_WARN_DIRECT_OBJC_ISA_USAGE = YES_ERROR;
				CLANG_WARN_DOCUMENTATION_COMMENTS = YES;
				CLANG_WARN_EMPTY_BODY = YES;
				CLANG_WARN_ENUM_CONVERSION = YES;
				CLANG_WARN_INFINITE_RECURSION = YES;
				CLANG_WARN_INT_CONVERSION = YES;
				CLANG_WARN_NON_LITERAL_NULL_CONVERSION = YES;
				CLANG_WARN_OBJC_IMPLICIT_RETAIN_SELF = YES;
				CLANG_WARN_OBJC_LITERAL_CONVERSION = YES;
				CLANG_WARN_OBJC_ROOT_CLASS = YES_ERROR;
				CLANG_WARN_QUOTED_INCLUDE_IN_FRAMEWORK_HEADER = YES;
				CLANG_WARN_RANGE_LOOP_ANALYSIS = YES;
				CLANG_WARN_STRICT_PROTOTYPES = YES;
				CLANG_WARN_SUSPICIOUS_MOVE = YES;
				CLANG_WARN_UNGUARDED_AVAILABILITY = YES_AGGRESSIVE;
				CLANG_WARN_UNREACHABLE_CODE = YES;
				CLANG_WARN__DUPLICATE_METHOD_MATCH = YES;
				COPY_PHASE_STRIP = NO;
				DEBUG_INFORMATION_FORMAT = dwarf;
				ENABLE_STRICT_OBJC_MSGSEND = YES;
				ENABLE_TESTABILITY = YES;
				ENABLE_USER_SCRIPT_SANDBOXING = YES;
				GCC_C_LANGUAGE_STANDARD = gnu17;
				GCC_DYNAMIC_NO_PIC = NO;
				GCC_NO_COMMON_BLOCKS = YES;
				GCC_OPTIMIZATION_LEVEL = 0;
				GCC_PREPROCESSOR_DEFINITIONS = (
					"DEBUG=1",
					"$(inherited)",
				);
				GCC_WARN_64_TO_32_BIT_CONVERSION = YES;
				GCC_WARN_ABOUT_RETURN_TYPE = YES_ERROR;
				GCC_WARN_UNDECLARED_SELECTOR = YES;
				GCC_WARN_UNINITIALIZED_AUTOS = YES_AGGRESSIVE;
				GCC_WARN_UNUSED_FUNCTION = YES;
				GCC_WARN_UNUSED_VARIABLE = YES;
				IPHONEOS_DEPLOYMENT_TARGET = 17.2;
				LOCALIZATION_PREFERS_STRING_CATALOGS = YES;
				MTL_ENABLE_DEBUG_INFO = INCLUDE_SOURCE;
				MTL_FAST_MATH = YES;
				ONLY_ACTIVE_ARCH = YES;
				SDKROOT = iphoneos;
				SWIFT_ACTIVE_COMPILATION_CONDITIONS = "DEBUG $(inherited)";
				SWIFT_OPTIMIZATION_LEVEL = "-Onone";
			};
			name = Debug;
		};
		4C2F87F22C0785CB009C950E /* Release */ = {
			isa = XCBuildConfiguration;
			buildSettings = {
				ALWAYS_SEARCH_USER_PATHS = NO;
				ASSETCATALOG_COMPILER_GENERATE_SWIFT_ASSET_SYMBOL_EXTENSIONS = YES;
				CLANG_ANALYZER_NONNULL = YES;
				CLANG_ANALYZER_NUMBER_OBJECT_CONVERSION = YES_AGGRESSIVE;
				CLANG_CXX_LANGUAGE_STANDARD = "gnu++20";
				CLANG_ENABLE_MODULES = YES;
				CLANG_ENABLE_OBJC_ARC = YES;
				CLANG_ENABLE_OBJC_WEAK = YES;
				CLANG_WARN_BLOCK_CAPTURE_AUTORELEASING = YES;
				CLANG_WARN_BOOL_CONVERSION = YES;
				CLANG_WARN_COMMA = YES;
				CLANG_WARN_CONSTANT_CONVERSION = YES;
				CLANG_WARN_DEPRECATED_OBJC_IMPLEMENTATIONS = YES;
				CLANG_WARN_DIRECT_OBJC_ISA_USAGE = YES_ERROR;
				CLANG_WARN_DOCUMENTATION_COMMENTS = YES;
				CLANG_WARN_EMPTY_BODY = YES;
				CLANG_WARN_ENUM_CONVERSION = YES;
				CLANG_WARN_INFINITE_RECURSION = YES;
				CLANG_WARN_INT_CONVERSION = YES;
				CLANG_WARN_NON_LITERAL_NULL_CONVERSION = YES;
				CLANG_WARN_OBJC_IMPLICIT_RETAIN_SELF = YES;
				CLANG_WARN_OBJC_LITERAL_CONVERSION = YES;
				CLANG_WARN_OBJC_ROOT_CLASS = YES_ERROR;
				CLANG_WARN_QUOTED_INCLUDE_IN_FRAMEWORK_HEADER = YES;
				CLANG_WARN_RANGE_LOOP_ANALYSIS = YES;
				CLANG_WARN_STRICT_PROTOTYPES = YES;
				CLANG_WARN_SUSPICIOUS_MOVE = YES;
				CLANG_WARN_UNGUARDED_AVAILABILITY = YES_AGGRESSIVE;
				CLANG_WARN_UNREACHABLE_CODE = YES;
				CLANG_WARN__DUPLICATE_METHOD_MATCH = YES;
				COPY_PHASE_STRIP = NO;
				DEBUG_INFORMATION_FORMAT = "dwarf-with-dsym";
				ENABLE_NS_ASSERTIONS = NO;
				ENABLE_STRICT_OBJC_MSGSEND = YES;
				ENABLE_USER_SCRIPT_SANDBOXING = YES;
				GCC_C_LANGUAGE_STANDARD = gnu17;
				GCC_NO_COMMON_BLOCKS = YES;
				GCC_WARN_64_TO_32_BIT_CONVERSION = YES;
				GCC_WARN_ABOUT_RETURN_TYPE = YES_ERROR;
				GCC_WARN_UNDECLARED_SELECTOR = YES;
				GCC_WARN_UNINITIALIZED_AUTOS = YES_AGGRESSIVE;
				GCC_WARN_UNUSED_FUNCTION = YES;
				GCC_WARN_UNUSED_VARIABLE = YES;
				IPHONEOS_DEPLOYMENT_TARGET = 17.2;
				LOCALIZATION_PREFERS_STRING_CATALOGS = YES;
				MTL_ENABLE_DEBUG_INFO = NO;
				MTL_FAST_MATH = YES;
				SDKROOT = iphoneos;
				SWIFT_COMPILATION_MODE = wholemodule;
				VALIDATE_PRODUCT = YES;
			};
			name = Release;
		};
		4C2F87F42C0785CB009C950E /* Debug */ = {
			isa = XCBuildConfiguration;
			buildSettings = {
				ASSETCATALOG_COMPILER_APPICON_NAME = AppIcon;
				ASSETCATALOG_COMPILER_GLOBAL_ACCENT_COLOR_NAME = AccentColor;
				CODE_SIGN_STYLE = Automatic;
				CURRENT_PROJECT_VERSION = 1;
				DEVELOPMENT_ASSET_PATHS = "\"TrainingCalendar/Preview Content\"";
				DEVELOPMENT_TEAM = H2AXHRTMVM;
				ENABLE_PREVIEWS = YES;
				GENERATE_INFOPLIST_FILE = YES;
				INFOPLIST_KEY_UIApplicationSceneManifest_Generation = YES;
				INFOPLIST_KEY_UIApplicationSupportsIndirectInputEvents = YES;
				INFOPLIST_KEY_UILaunchScreen_Generation = YES;
				INFOPLIST_KEY_UISupportedInterfaceOrientations_iPad = "UIInterfaceOrientationPortrait UIInterfaceOrientationPortraitUpsideDown UIInterfaceOrientationLandscapeLeft UIInterfaceOrientationLandscapeRight";
				INFOPLIST_KEY_UISupportedInterfaceOrientations_iPhone = "UIInterfaceOrientationPortrait UIInterfaceOrientationLandscapeLeft UIInterfaceOrientationLandscapeRight";
				LD_RUNPATH_SEARCH_PATHS = (
					"$(inherited)",
					"@executable_path/Frameworks",
				);
				MARKETING_VERSION = 1.0;
				PRODUCT_BUNDLE_IDENTIFIER = ru.visaeva.TrainingCalendar;
				PRODUCT_NAME = "$(TARGET_NAME)";
				SUPPORTED_PLATFORMS = "iphoneos iphonesimulator";
				SUPPORTS_MACCATALYST = NO;
				SUPPORTS_MAC_DESIGNED_FOR_IPHONE_IPAD = NO;
				SUPPORTS_XR_DESIGNED_FOR_IPHONE_IPAD = NO;
				SWIFT_EMIT_LOC_STRINGS = YES;
				SWIFT_VERSION = 5.0;
				TARGETED_DEVICE_FAMILY = 1;
			};
			name = Debug;
		};
		4C2F87F52C0785CB009C950E /* Release */ = {
			isa = XCBuildConfiguration;
			buildSettings = {
				ASSETCATALOG_COMPILER_APPICON_NAME = AppIcon;
				ASSETCATALOG_COMPILER_GLOBAL_ACCENT_COLOR_NAME = AccentColor;
				CODE_SIGN_STYLE = Automatic;
				CURRENT_PROJECT_VERSION = 1;
				DEVELOPMENT_ASSET_PATHS = "\"TrainingCalendar/Preview Content\"";
				DEVELOPMENT_TEAM = H2AXHRTMVM;
				ENABLE_PREVIEWS = YES;
				GENERATE_INFOPLIST_FILE = YES;
				INFOPLIST_KEY_UIApplicationSceneManifest_Generation = YES;
				INFOPLIST_KEY_UIApplicationSupportsIndirectInputEvents = YES;
				INFOPLIST_KEY_UILaunchScreen_Generation = YES;
				INFOPLIST_KEY_UISupportedInterfaceOrientations_iPad = "UIInterfaceOrientationPortrait UIInterfaceOrientationPortraitUpsideDown UIInterfaceOrientationLandscapeLeft UIInterfaceOrientationLandscapeRight";
				INFOPLIST_KEY_UISupportedInterfaceOrientations_iPhone = "UIInterfaceOrientationPortrait UIInterfaceOrientationLandscapeLeft UIInterfaceOrientationLandscapeRight";
				LD_RUNPATH_SEARCH_PATHS = (
					"$(inherited)",
					"@executable_path/Frameworks",
				);
				MARKETING_VERSION = 1.0;
				PRODUCT_BUNDLE_IDENTIFIER = ru.visaeva.TrainingCalendar;
				PRODUCT_NAME = "$(TARGET_NAME)";
				SUPPORTED_PLATFORMS = "iphoneos iphonesimulator";
				SUPPORTS_MACCATALYST = NO;
				SUPPORTS_MAC_DESIGNED_FOR_IPHONE_IPAD = NO;
				SUPPORTS_XR_DESIGNED_FOR_IPHONE_IPAD = NO;
				SWIFT_EMIT_LOC_STRINGS = YES;
				SWIFT_VERSION = 5.0;
				TARGETED_DEVICE_FAMILY = 1;
			};
			name = Release;
		};
		4C76DCBC2C0BA1BF00628E00 /* Debug */ = {
			isa = XCBuildConfiguration;
			buildSettings = {
				BUNDLE_LOADER = "$(TEST_HOST)";
				CODE_SIGN_STYLE = Automatic;
				CURRENT_PROJECT_VERSION = 1;
				DEVELOPMENT_TEAM = H2AXHRTMVM;
				GENERATE_INFOPLIST_FILE = YES;
				MARKETING_VERSION = 1.0;
				PRODUCT_BUNDLE_IDENTIFIER = ru.visaeva.TrainingCalendarTests;
				PRODUCT_NAME = "$(TARGET_NAME)";
				SWIFT_EMIT_LOC_STRINGS = NO;
				SWIFT_VERSION = 5.0;
				TARGETED_DEVICE_FAMILY = "1,2";
				TEST_HOST = "$(BUILT_PRODUCTS_DIR)/TrainingCalendar.app/$(BUNDLE_EXECUTABLE_FOLDER_PATH)/TrainingCalendar";
			};
			name = Debug;
		};
		4C76DCBD2C0BA1BF00628E00 /* Release */ = {
			isa = XCBuildConfiguration;
			buildSettings = {
				BUNDLE_LOADER = "$(TEST_HOST)";
				CODE_SIGN_STYLE = Automatic;
				CURRENT_PROJECT_VERSION = 1;
				DEVELOPMENT_TEAM = H2AXHRTMVM;
				GENERATE_INFOPLIST_FILE = YES;
				MARKETING_VERSION = 1.0;
				PRODUCT_BUNDLE_IDENTIFIER = ru.visaeva.TrainingCalendarTests;
				PRODUCT_NAME = "$(TARGET_NAME)";
				SWIFT_EMIT_LOC_STRINGS = NO;
				SWIFT_VERSION = 5.0;
				TARGETED_DEVICE_FAMILY = "1,2";
				TEST_HOST = "$(BUILT_PRODUCTS_DIR)/TrainingCalendar.app/$(BUNDLE_EXECUTABLE_FOLDER_PATH)/TrainingCalendar";
			};
			name = Release;
		};
		4C76DCCB2C0BA51100628E00 /* Debug */ = {
			isa = XCBuildConfiguration;
			buildSettings = {
				CODE_SIGN_STYLE = Automatic;
				CURRENT_PROJECT_VERSION = 1;
				DEVELOPMENT_TEAM = H2AXHRTMVM;
				GENERATE_INFOPLIST_FILE = YES;
				MARKETING_VERSION = 1.0;
				PRODUCT_BUNDLE_IDENTIFIER = ru.visaeva.TrainingCalendarUITests;
				PRODUCT_NAME = "$(TARGET_NAME)";
				SWIFT_EMIT_LOC_STRINGS = NO;
				SWIFT_VERSION = 5.0;
				TARGETED_DEVICE_FAMILY = "1,2";
				TEST_TARGET_NAME = TrainingCalendar;
			};
			name = Debug;
		};
		4C76DCCC2C0BA51100628E00 /* Release */ = {
			isa = XCBuildConfiguration;
			buildSettings = {
				CODE_SIGN_STYLE = Automatic;
				CURRENT_PROJECT_VERSION = 1;
				DEVELOPMENT_TEAM = H2AXHRTMVM;
				GENERATE_INFOPLIST_FILE = YES;
				MARKETING_VERSION = 1.0;
				PRODUCT_BUNDLE_IDENTIFIER = ru.visaeva.TrainingCalendarUITests;
				PRODUCT_NAME = "$(TARGET_NAME)";
				SWIFT_EMIT_LOC_STRINGS = NO;
				SWIFT_VERSION = 5.0;
				TARGETED_DEVICE_FAMILY = "1,2";
				TEST_TARGET_NAME = TrainingCalendar;
			};
			name = Release;
		};
		4C76DCDA2C0BA60F00628E00 /* Debug */ = {
			isa = XCBuildConfiguration;
			buildSettings = {
				CODE_SIGN_STYLE = Automatic;
				CURRENT_PROJECT_VERSION = 1;
				DEVELOPMENT_TEAM = H2AXHRTMVM;
				GENERATE_INFOPLIST_FILE = YES;
				MARKETING_VERSION = 1.0;
				PRODUCT_BUNDLE_IDENTIFIER = ru.visaeva.TrainingCalendarUITests1;
				PRODUCT_NAME = "$(TARGET_NAME)";
				SWIFT_EMIT_LOC_STRINGS = NO;
				SWIFT_VERSION = 5.0;
				TARGETED_DEVICE_FAMILY = "1,2";
				TEST_TARGET_NAME = TrainingCalendar;
			};
			name = Debug;
		};
		4C76DCDB2C0BA60F00628E00 /* Release */ = {
			isa = XCBuildConfiguration;
			buildSettings = {
				CODE_SIGN_STYLE = Automatic;
				CURRENT_PROJECT_VERSION = 1;
				DEVELOPMENT_TEAM = H2AXHRTMVM;
				GENERATE_INFOPLIST_FILE = YES;
				MARKETING_VERSION = 1.0;
				PRODUCT_BUNDLE_IDENTIFIER = ru.visaeva.TrainingCalendarUITests1;
				PRODUCT_NAME = "$(TARGET_NAME)";
				SWIFT_EMIT_LOC_STRINGS = NO;
				SWIFT_VERSION = 5.0;
				TARGETED_DEVICE_FAMILY = "1,2";
				TEST_TARGET_NAME = TrainingCalendar;
			};
			name = Release;
		};
/* End XCBuildConfiguration section */

/* Begin XCConfigurationList section */
		4C2F87E02C0785C6009C950E /* Build configuration list for PBXProject "TrainingCalendar" */ = {
			isa = XCConfigurationList;
			buildConfigurations = (
				4C2F87F12C0785CB009C950E /* Debug */,
				4C2F87F22C0785CB009C950E /* Release */,
			);
			defaultConfigurationIsVisible = 0;
			defaultConfigurationName = Release;
		};
		4C2F87F32C0785CB009C950E /* Build configuration list for PBXNativeTarget "TrainingCalendar" */ = {
			isa = XCConfigurationList;
			buildConfigurations = (
				4C2F87F42C0785CB009C950E /* Debug */,
				4C2F87F52C0785CB009C950E /* Release */,
			);
			defaultConfigurationIsVisible = 0;
			defaultConfigurationName = Release;
		};
		4C76DCBB2C0BA1BF00628E00 /* Build configuration list for PBXNativeTarget "TrainingCalendarTests" */ = {
			isa = XCConfigurationList;
			buildConfigurations = (
				4C76DCBC2C0BA1BF00628E00 /* Debug */,
				4C76DCBD2C0BA1BF00628E00 /* Release */,
			);
			defaultConfigurationIsVisible = 0;
			defaultConfigurationName = Release;
		};
		4C76DCCA2C0BA51100628E00 /* Build configuration list for PBXNativeTarget "TrainingCalendarUITests" */ = {
			isa = XCConfigurationList;
			buildConfigurations = (
				4C76DCCB2C0BA51100628E00 /* Debug */,
				4C76DCCC2C0BA51100628E00 /* Release */,
			);
			defaultConfigurationIsVisible = 0;
			defaultConfigurationName = Release;
		};
		4C76DCD92C0BA60F00628E00 /* Build configuration list for PBXNativeTarget "TrainingCalendarUITests1" */ = {
			isa = XCConfigurationList;
			buildConfigurations = (
				4C76DCDA2C0BA60F00628E00 /* Debug */,
				4C76DCDB2C0BA60F00628E00 /* Release */,
			);
			defaultConfigurationIsVisible = 0;
			defaultConfigurationName = Release;
		};
/* End XCConfigurationList section */
	};
	rootObject = 4C2F87DD2C0785C6009C950E /* Project object */;
}
